
Microsoft Visual Studio Solution File, Format Version 12.00
# Visual Studio 15
VisualStudioVersion = 15.0.26403.7
MinimumVisualStudioVersion = 10.0.40219.1
Project("{9A19103F-16F7-4668-BE54-9A1E7A4F7556}") = "Catalog.Api", "Catalog.Api\Catalog.Api.csproj", "{66B7DB3B-E5C4-4741-B332-3D6C57D98C86}"
EndProject
Project("{9A19103F-16F7-4668-BE54-9A1E7A4F7556}") = "Catalog.ViewModelComposition", "Catalog.ViewModelComposition\Catalog.ViewModelComposition.csproj", "{013A8F60-F915-4AA0-B66E-5E6FE274B8FE}"
EndProject
Project("{9A19103F-16F7-4668-BE54-9A1E7A4F7556}") = "Sales.Api", "Sales.Api\Sales.Api.csproj", "{7482D03C-EE10-48B0-B958-6CA1F3E5265D}"
EndProject
Project("{9A19103F-16F7-4668-BE54-9A1E7A4F7556}") = "Shipping.Api", "Shipping.Api\Shipping.Api.csproj", "{F3BBB49B-B79E-44C4-966A-52AAE5CA5B91}"
EndProject
Project("{9A19103F-16F7-4668-BE54-9A1E7A4F7556}") = "Shipping.ViewModelComposition", "Shipping.ViewModelComposition\Shipping.ViewModelComposition.csproj", "{EF49A33E-0D87-4FAB-A003-386BC2582C8F}"
EndProject
Project("{9A19103F-16F7-4668-BE54-9A1E7A4F7556}") = "Sales.ViewModelComposition", "Sales.ViewModelComposition\Sales.ViewModelComposition.csproj", "{3D513658-EF57-4650-93A0-AD59C235B58B}"
EndProject
Project("{9A19103F-16F7-4668-BE54-9A1E7A4F7556}") = "CompositionGateway", "CompositionGateway\CompositionGateway.csproj", "{5C9D0FC6-0192-4D3B-A19F-087A651C7D42}"
EndProject
Project("{9A19103F-16F7-4668-BE54-9A1E7A4F7556}") = "Warehouse.Api", "Warehouse.Api\Warehouse.Api.csproj", "{2CB3CB24-CDE8-492F-ADC7-35CCC2187524}"
EndProject
Project("{9A19103F-16F7-4668-BE54-9A1E7A4F7556}") = "Warehouse.ViewModelComposition", "Warehouse.ViewModelComposition\Warehouse.ViewModelComposition.csproj", "{3BDDFFDA-D38E-4C2A-AC15-1A011B89E3D4}"
EndProject
Project("{2150E333-8FDC-42A3-9474-1A3956D46DE8}") = "Sales", "Sales", "{A0E9E0F2-E53B-4FAF-A230-76256A0A064E}"
EndProject
Project("{2150E333-8FDC-42A3-9474-1A3956D46DE8}") = "Shipping", "Shipping", "{50AB90F5-EF0C-41FA-A169-D7D545BD45D6}"
EndProject
Project("{2150E333-8FDC-42A3-9474-1A3956D46DE8}") = "Product Catalog", "Product Catalog", "{68B6F84D-56A0-4435-9F16-3F9E8DD492D0}"
EndProject
Project("{2150E333-8FDC-42A3-9474-1A3956D46DE8}") = "Warehouse", "Warehouse", "{79773D3D-ACE3-405A-8BCB-6444474DE6D6}"
EndProject
Project("{FAE04EC0-301F-11D3-BF4B-00C04F79EFBC}") = "Warehouse.Api.Tests", "Warehouse.Api.Tests\Warehouse.Api.Tests.csproj", "{67612437-132C-4033-8C19-6077899D9C1E}"
EndProject
Project("{2150E333-8FDC-42A3-9474-1A3956D46DE8}") = "__Tests", "__Tests", "{68DCDBF3-BBC8-49D9-833D-9F521EF1AA56}"
EndProject
Project("{FAE04EC0-301F-11D3-BF4B-00C04F79EFBC}") = "Shipping.Api.Tests", "Shipping.Api.Tests\Shipping.Api.Tests.csproj", "{2E1A61B6-9911-4D21-859A-910C16569518}"
EndProject
Project("{2150E333-8FDC-42A3-9474-1A3956D46DE8}") = "__Shared", "__Shared", "{A8EC4169-97B6-4241-8539-0729953B16EF}"
EndProject
Project("{FAE04EC0-301F-11D3-BF4B-00C04F79EFBC}") = "Composition.Tests", "Composition.Tests\Composition.Tests.csproj", "{182754B3-3108-46C0-8D20-B26AADD6A7BE}"
EndProject
Project("{FAE04EC0-301F-11D3-BF4B-00C04F79EFBC}") = "JsonUtils", "JsonUtils\JsonUtils.csproj", "{0F157AD8-F621-4F74-914B-B56368FF84CD}"
EndProject
Project("{FAE04EC0-301F-11D3-BF4B-00C04F79EFBC}") = "Sales.Api.Tests", "Sales.Api.Tests\Sales.Api.Tests.csproj", "{2C7331AF-EBA8-413D-AAEB-0961FBAB3033}"
EndProject
Project("{FAE04EC0-301F-11D3-BF4B-00C04F79EFBC}") = "Catalog.Api.Tests", "Catalog.Api.Tests\Catalog.Api.Tests.csproj", "{7CDF2CE4-75C8-4F54-87FA-E7779E226573}"
EndProject
Project("{FAE04EC0-301F-11D3-BF4B-00C04F79EFBC}") = "ConfigurationUtils", "ConfigurationUtils\ConfigurationUtils.csproj", "{6A3B9211-5B6E-4CBD-8E6A-03D6A941E0A6}"
EndProject
Global
	GlobalSection(SolutionConfigurationPlatforms) = preSolution
		Debug|Any CPU = Debug|Any CPU
		Release|Any CPU = Release|Any CPU
	EndGlobalSection
	GlobalSection(ProjectConfigurationPlatforms) = postSolution
		{66B7DB3B-E5C4-4741-B332-3D6C57D98C86}.Debug|Any CPU.ActiveCfg = Debug|Any CPU
		{66B7DB3B-E5C4-4741-B332-3D6C57D98C86}.Debug|Any CPU.Build.0 = Debug|Any CPU
		{66B7DB3B-E5C4-4741-B332-3D6C57D98C86}.Release|Any CPU.ActiveCfg = Release|Any CPU
		{66B7DB3B-E5C4-4741-B332-3D6C57D98C86}.Release|Any CPU.Build.0 = Release|Any CPU
		{013A8F60-F915-4AA0-B66E-5E6FE274B8FE}.Debug|Any CPU.ActiveCfg = Debug|Any CPU
		{013A8F60-F915-4AA0-B66E-5E6FE274B8FE}.Debug|Any CPU.Build.0 = Debug|Any CPU
		{013A8F60-F915-4AA0-B66E-5E6FE274B8FE}.Release|Any CPU.ActiveCfg = Release|Any CPU
		{013A8F60-F915-4AA0-B66E-5E6FE274B8FE}.Release|Any CPU.Build.0 = Release|Any CPU
		{7482D03C-EE10-48B0-B958-6CA1F3E5265D}.Debug|Any CPU.ActiveCfg = Debug|Any CPU
		{7482D03C-EE10-48B0-B958-6CA1F3E5265D}.Debug|Any CPU.Build.0 = Debug|Any CPU
		{7482D03C-EE10-48B0-B958-6CA1F3E5265D}.Release|Any CPU.ActiveCfg = Release|Any CPU
		{7482D03C-EE10-48B0-B958-6CA1F3E5265D}.Release|Any CPU.Build.0 = Release|Any CPU
		{F3BBB49B-B79E-44C4-966A-52AAE5CA5B91}.Debug|Any CPU.ActiveCfg = Debug|Any CPU
		{F3BBB49B-B79E-44C4-966A-52AAE5CA5B91}.Debug|Any CPU.Build.0 = Debug|Any CPU
		{F3BBB49B-B79E-44C4-966A-52AAE5CA5B91}.Release|Any CPU.ActiveCfg = Release|Any CPU
		{F3BBB49B-B79E-44C4-966A-52AAE5CA5B91}.Release|Any CPU.Build.0 = Release|Any CPU
		{EF49A33E-0D87-4FAB-A003-386BC2582C8F}.Debug|Any CPU.ActiveCfg = Debug|Any CPU
		{EF49A33E-0D87-4FAB-A003-386BC2582C8F}.Debug|Any CPU.Build.0 = Debug|Any CPU
		{EF49A33E-0D87-4FAB-A003-386BC2582C8F}.Release|Any CPU.ActiveCfg = Release|Any CPU
		{EF49A33E-0D87-4FAB-A003-386BC2582C8F}.Release|Any CPU.Build.0 = Release|Any CPU
		{3D513658-EF57-4650-93A0-AD59C235B58B}.Debug|Any CPU.ActiveCfg = Debug|Any CPU
		{3D513658-EF57-4650-93A0-AD59C235B58B}.Debug|Any CPU.Build.0 = Debug|Any CPU
		{3D513658-EF57-4650-93A0-AD59C235B58B}.Release|Any CPU.ActiveCfg = Release|Any CPU
		{3D513658-EF57-4650-93A0-AD59C235B58B}.Release|Any CPU.Build.0 = Release|Any CPU
		{5C9D0FC6-0192-4D3B-A19F-087A651C7D42}.Debug|Any CPU.ActiveCfg = Debug|Any CPU
		{5C9D0FC6-0192-4D3B-A19F-087A651C7D42}.Debug|Any CPU.Build.0 = Debug|Any CPU
		{5C9D0FC6-0192-4D3B-A19F-087A651C7D42}.Release|Any CPU.ActiveCfg = Release|Any CPU
		{5C9D0FC6-0192-4D3B-A19F-087A651C7D42}.Release|Any CPU.Build.0 = Release|Any CPU
		{2CB3CB24-CDE8-492F-ADC7-35CCC2187524}.Debug|Any CPU.ActiveCfg = Debug|Any CPU
		{2CB3CB24-CDE8-492F-ADC7-35CCC2187524}.Debug|Any CPU.Build.0 = Debug|Any CPU
		{2CB3CB24-CDE8-492F-ADC7-35CCC2187524}.Release|Any CPU.ActiveCfg = Release|Any CPU
		{2CB3CB24-CDE8-492F-ADC7-35CCC2187524}.Release|Any CPU.Build.0 = Release|Any CPU
		{3BDDFFDA-D38E-4C2A-AC15-1A011B89E3D4}.Debug|Any CPU.ActiveCfg = Debug|Any CPU
		{3BDDFFDA-D38E-4C2A-AC15-1A011B89E3D4}.Debug|Any CPU.Build.0 = Debug|Any CPU
		{3BDDFFDA-D38E-4C2A-AC15-1A011B89E3D4}.Release|Any CPU.ActiveCfg = Release|Any CPU
		{3BDDFFDA-D38E-4C2A-AC15-1A011B89E3D4}.Release|Any CPU.Build.0 = Release|Any CPU
		{67612437-132C-4033-8C19-6077899D9C1E}.Debug|Any CPU.ActiveCfg = Debug|Any CPU
		{67612437-132C-4033-8C19-6077899D9C1E}.Debug|Any CPU.Build.0 = Debug|Any CPU
		{67612437-132C-4033-8C19-6077899D9C1E}.Release|Any CPU.ActiveCfg = Release|Any CPU
		{67612437-132C-4033-8C19-6077899D9C1E}.Release|Any CPU.Build.0 = Release|Any CPU
		{2E1A61B6-9911-4D21-859A-910C16569518}.Debug|Any CPU.ActiveCfg = Debug|Any CPU
		{2E1A61B6-9911-4D21-859A-910C16569518}.Debug|Any CPU.Build.0 = Debug|Any CPU
		{2E1A61B6-9911-4D21-859A-910C16569518}.Release|Any CPU.ActiveCfg = Release|Any CPU
		{2E1A61B6-9911-4D21-859A-910C16569518}.Release|Any CPU.Build.0 = Release|Any CPU
		{182754B3-3108-46C0-8D20-B26AADD6A7BE}.Debug|Any CPU.ActiveCfg = Debug|Any CPU
		{182754B3-3108-46C0-8D20-B26AADD6A7BE}.Debug|Any CPU.Build.0 = Debug|Any CPU
		{182754B3-3108-46C0-8D20-B26AADD6A7BE}.Release|Any CPU.ActiveCfg = Release|Any CPU
		{182754B3-3108-46C0-8D20-B26AADD6A7BE}.Release|Any CPU.Build.0 = Release|Any CPU
		{0F157AD8-F621-4F74-914B-B56368FF84CD}.Debug|Any CPU.ActiveCfg = Debug|Any CPU
		{0F157AD8-F621-4F74-914B-B56368FF84CD}.Debug|Any CPU.Build.0 = Debug|Any CPU
		{0F157AD8-F621-4F74-914B-B56368FF84CD}.Release|Any CPU.ActiveCfg = Release|Any CPU
		{0F157AD8-F621-4F74-914B-B56368FF84CD}.Release|Any CPU.Build.0 = Release|Any CPU
		{2C7331AF-EBA8-413D-AAEB-0961FBAB3033}.Debug|Any CPU.ActiveCfg = Debug|Any CPU
		{2C7331AF-EBA8-413D-AAEB-0961FBAB3033}.Debug|Any CPU.Build.0 = Debug|Any CPU
		{2C7331AF-EBA8-413D-AAEB-0961FBAB3033}.Release|Any CPU.ActiveCfg = Release|Any CPU
		{2C7331AF-EBA8-413D-AAEB-0961FBAB3033}.Release|Any CPU.Build.0 = Release|Any CPU
		{7CDF2CE4-75C8-4F54-87FA-E7779E226573}.Debug|Any CPU.ActiveCfg = Debug|Any CPU
		{7CDF2CE4-75C8-4F54-87FA-E7779E226573}.Debug|Any CPU.Build.0 = Debug|Any CPU
		{7CDF2CE4-75C8-4F54-87FA-E7779E226573}.Release|Any CPU.ActiveCfg = Release|Any CPU
		{7CDF2CE4-75C8-4F54-87FA-E7779E226573}.Release|Any CPU.Build.0 = Release|Any CPU
		{6A3B9211-5B6E-4CBD-8E6A-03D6A941E0A6}.Debug|Any CPU.ActiveCfg = Debug|Any CPU
		{6A3B9211-5B6E-4CBD-8E6A-03D6A941E0A6}.Debug|Any CPU.Build.0 = Debug|Any CPU
		{6A3B9211-5B6E-4CBD-8E6A-03D6A941E0A6}.Release|Any CPU.ActiveCfg = Release|Any CPU
		{6A3B9211-5B6E-4CBD-8E6A-03D6A941E0A6}.Release|Any CPU.Build.0 = Release|Any CPU
	EndGlobalSection
	GlobalSection(SolutionProperties) = preSolution
		HideSolutionNode = FALSE
	EndGlobalSection
	GlobalSection(NestedProjects) = preSolution
		{66B7DB3B-E5C4-4741-B332-3D6C57D98C86} = {68B6F84D-56A0-4435-9F16-3F9E8DD492D0}
		{013A8F60-F915-4AA0-B66E-5E6FE274B8FE} = {68B6F84D-56A0-4435-9F16-3F9E8DD492D0}
		{7482D03C-EE10-48B0-B958-6CA1F3E5265D} = {A0E9E0F2-E53B-4FAF-A230-76256A0A064E}
		{F3BBB49B-B79E-44C4-966A-52AAE5CA5B91} = {50AB90F5-EF0C-41FA-A169-D7D545BD45D6}
		{EF49A33E-0D87-4FAB-A003-386BC2582C8F} = {50AB90F5-EF0C-41FA-A169-D7D545BD45D6}
		{3D513658-EF57-4650-93A0-AD59C235B58B} = {A0E9E0F2-E53B-4FAF-A230-76256A0A064E}
		{2CB3CB24-CDE8-492F-ADC7-35CCC2187524} = {79773D3D-ACE3-405A-8BCB-6444474DE6D6}
		{3BDDFFDA-D38E-4C2A-AC15-1A011B89E3D4} = {79773D3D-ACE3-405A-8BCB-6444474DE6D6}
		{67612437-132C-4033-8C19-6077899D9C1E} = {68DCDBF3-BBC8-49D9-833D-9F521EF1AA56}
		{2E1A61B6-9911-4D21-859A-910C16569518} = {68DCDBF3-BBC8-49D9-833D-9F521EF1AA56}
		{182754B3-3108-46C0-8D20-B26AADD6A7BE} = {68DCDBF3-BBC8-49D9-833D-9F521EF1AA56}
		{0F157AD8-F621-4F74-914B-B56368FF84CD} = {A8EC4169-97B6-4241-8539-0729953B16EF}
		{2C7331AF-EBA8-413D-AAEB-0961FBAB3033} = {68DCDBF3-BBC8-49D9-833D-9F521EF1AA56}
		{7CDF2CE4-75C8-4F54-87FA-E7779E226573} = {68DCDBF3-BBC8-49D9-833D-9F521EF1AA56}
		{6A3B9211-5B6E-4CBD-8E6A-03D6A941E0A6} = {A8EC4169-97B6-4241-8539-0729953B16EF}
	EndGlobalSection
	GlobalSection(ExtensibilityGlobals) = postSolution
		SolutionGuid = {1D0078F3-1E11-49D2-AE2C-6EA7D61E1B06}
	EndGlobalSection
EndGlobal
