
Microsoft Visual Studio Solution File, Format Version 12.00
# Visual Studio Version 16
VisualStudioVersion = 16.0.28803.202
MinimumVisualStudioVersion = 10.0.40219.1
Project("{2150E333-8FDC-42A3-9474-1A3956D46DE8}") = "__shared", "__shared", "{900D7EA7-8C57-4CF7-94B5-1D8625367EC9}"
EndProject
Project("{9A19103F-16F7-4668-BE54-9A1E7A4F7556}") = "Catalog.Api", "Catalog.Api\Catalog.Api.csproj", "{66B7DB3B-E5C4-4741-B332-3D6C57D98C86}"
EndProject
Project("{9A19103F-16F7-4668-BE54-9A1E7A4F7556}") = "Catalog.ViewModelComposition", "Catalog.ViewModelComposition\Catalog.ViewModelComposition.csproj", "{013A8F60-F915-4AA0-B66E-5E6FE274B8FE}"
EndProject
Project("{9A19103F-16F7-4668-BE54-9A1E7A4F7556}") = "Sales.Api", "Sales.Api\Sales.Api.csproj", "{7482D03C-EE10-48B0-B958-6CA1F3E5265D}"
EndProject
Project("{9A19103F-16F7-4668-BE54-9A1E7A4F7556}") = "Shipping.Api", "Shipping.Api\Shipping.Api.csproj", "{F3BBB49B-B79E-44C4-966A-52AAE5CA5B91}"
EndProject
Project("{9A19103F-16F7-4668-BE54-9A1E7A4F7556}") = "Shipping.ViewModelComposition", "Shipping.ViewModelComposition\Shipping.ViewModelComposition.csproj", "{EF49A33E-0D87-4FAB-A003-386BC2582C8F}"
EndProject
Project("{9A19103F-16F7-4668-BE54-9A1E7A4F7556}") = "Sales.ViewModelComposition", "Sales.ViewModelComposition\Sales.ViewModelComposition.csproj", "{3D513658-EF57-4650-93A0-AD59C235B58B}"
EndProject
Project("{9A19103F-16F7-4668-BE54-9A1E7A4F7556}") = "Warehouse.Api", "Warehouse.Api\Warehouse.Api.csproj", "{2CB3CB24-CDE8-492F-ADC7-35CCC2187524}"
EndProject
Project("{9A19103F-16F7-4668-BE54-9A1E7A4F7556}") = "Warehouse.ViewModelComposition", "Warehouse.ViewModelComposition\Warehouse.ViewModelComposition.csproj", "{3BDDFFDA-D38E-4C2A-AC15-1A011B89E3D4}"
EndProject
Project("{2150E333-8FDC-42A3-9474-1A3956D46DE8}") = "Sales", "Sales", "{A0E9E0F2-E53B-4FAF-A230-76256A0A064E}"
EndProject
Project("{2150E333-8FDC-42A3-9474-1A3956D46DE8}") = "Shipping", "Shipping", "{50AB90F5-EF0C-41FA-A169-D7D545BD45D6}"
EndProject
Project("{2150E333-8FDC-42A3-9474-1A3956D46DE8}") = "Product Catalog", "Product Catalog", "{68B6F84D-56A0-4435-9F16-3F9E8DD492D0}"
EndProject
Project("{2150E333-8FDC-42A3-9474-1A3956D46DE8}") = "Warehouse", "Warehouse", "{79773D3D-ACE3-405A-8BCB-6444474DE6D6}"
EndProject
Project("{9A19103F-16F7-4668-BE54-9A1E7A4F7556}") = "Catalog.ViewModelComposition.Events", "Catalog.ViewModelComposition.Events\Catalog.ViewModelComposition.Events.csproj", "{7C8FDD1A-479E-4BE1-BAB2-31A4A443EA27}"
EndProject
Project("{9A19103F-16F7-4668-BE54-9A1E7A4F7556}") = "WebApp", "WebApp\WebApp.csproj", "{261EEEC3-2652-4B8A-9414-0D07BA57AFE3}"
EndProject
Project("{9A19103F-16F7-4668-BE54-9A1E7A4F7556}") = "Sales.ViewComponents", "Sales.ViewComponents\Sales.ViewComponents.csproj", "{2008FD15-4357-46D1-9C03-90F0424B1DE9}"
EndProject
Project("{9A19103F-16F7-4668-BE54-9A1E7A4F7556}") = "ITOps.UIComposition.Mvc", "ITOps.UIComposition.Mvc\ITOps.UIComposition.Mvc.csproj", "{065C4D5C-7A2F-4BCC-8F90-191241346B11}"
EndProject
Project("{FAE04EC0-301F-11D3-BF4B-00C04F79EFBC}") = "Catalog.ViewComponents", "Catalog.ViewComponents\Catalog.ViewComponents.csproj", "{60532EA0-6AA2-41CF-B6C7-C9F912ACC74B}"
EndProject
Project("{FAE04EC0-301F-11D3-BF4B-00C04F79EFBC}") = "Shipping.ViewComponents", "Shipping.ViewComponents\Shipping.ViewComponents.csproj", "{FEFECABF-E2F1-414B-8E27-44129BADDA44}"
EndProject
Project("{FAE04EC0-301F-11D3-BF4B-00C04F79EFBC}") = "Warehouse.ViewComponents", "Warehouse.ViewComponents\Warehouse.ViewComponents.csproj", "{A866CA67-C441-4475-8B5D-F5EA176E9547}"
EndProject
Project("{2150E333-8FDC-42A3-9474-1A3956D46DE8}") = "__Tests", "__Tests", "{8D9AA6AA-0348-41D0-9A3A-89C44DC50978}"
EndProject
Project("{FAE04EC0-301F-11D3-BF4B-00C04F79EFBC}") = "Catalog.Api.Tests", "Catalog.Api.Tests\Catalog.Api.Tests.csproj", "{6442429E-CD12-4C13-A551-CE8DBE819413}"
EndProject
Project("{FAE04EC0-301F-11D3-BF4B-00C04F79EFBC}") = "Sales.Api.Tests", "Sales.Api.Tests\Sales.Api.Tests.csproj", "{3F785F84-4640-4363-AF4B-01DEBDAAEF7A}"
EndProject
Project("{FAE04EC0-301F-11D3-BF4B-00C04F79EFBC}") = "Shipping.Api.Tests", "Shipping.Api.Tests\Shipping.Api.Tests.csproj", "{ECBF38F5-3290-4BF8-918A-E796D29EDCD3}"
EndProject
Project("{FAE04EC0-301F-11D3-BF4B-00C04F79EFBC}") = "Warehouse.Api.Tests", "Warehouse.Api.Tests\Warehouse.Api.Tests.csproj", "{0178F709-9B58-473B-8F71-2E961645168D}"
EndProject
Project("{FAE04EC0-301F-11D3-BF4B-00C04F79EFBC}") = "WebApp.Tests", "WebApp.Tests\WebApp.Tests.csproj", "{DB0EFCF5-B0D0-441A-8AD5-C8D72C99CF35}"
EndProject
Project("{FAE04EC0-301F-11D3-BF4B-00C04F79EFBC}") = "JsonUtils", "JsonUtils\JsonUtils.csproj", "{D198B6BB-A605-4D6F-9648-526EF88DA318}"
EndProject
Project("{FAE04EC0-301F-11D3-BF4B-00C04F79EFBC}") = "ConfigurationUtils", "ConfigurationUtils\ConfigurationUtils.csproj", "{0777D51B-9BD1-44B9-93EC-BE53B2A1AF44}"
EndProject
Global
	GlobalSection(SolutionConfigurationPlatforms) = preSolution
		Debug|Any CPU = Debug|Any CPU
		Release|Any CPU = Release|Any CPU
	EndGlobalSection
	GlobalSection(ProjectConfigurationPlatforms) = postSolution
		{66B7DB3B-E5C4-4741-B332-3D6C57D98C86}.Debug|Any CPU.ActiveCfg = Debug|Any CPU
		{66B7DB3B-E5C4-4741-B332-3D6C57D98C86}.Debug|Any CPU.Build.0 = Debug|Any CPU
		{66B7DB3B-E5C4-4741-B332-3D6C57D98C86}.Release|Any CPU.ActiveCfg = Release|Any CPU
		{66B7DB3B-E5C4-4741-B332-3D6C57D98C86}.Release|Any CPU.Build.0 = Release|Any CPU
		{013A8F60-F915-4AA0-B66E-5E6FE274B8FE}.Debug|Any CPU.ActiveCfg = Debug|Any CPU
		{013A8F60-F915-4AA0-B66E-5E6FE274B8FE}.Debug|Any CPU.Build.0 = Debug|Any CPU
		{013A8F60-F915-4AA0-B66E-5E6FE274B8FE}.Release|Any CPU.ActiveCfg = Release|Any CPU
		{013A8F60-F915-4AA0-B66E-5E6FE274B8FE}.Release|Any CPU.Build.0 = Release|Any CPU
		{7482D03C-EE10-48B0-B958-6CA1F3E5265D}.Debug|Any CPU.ActiveCfg = Debug|Any CPU
		{7482D03C-EE10-48B0-B958-6CA1F3E5265D}.Debug|Any CPU.Build.0 = Debug|Any CPU
		{7482D03C-EE10-48B0-B958-6CA1F3E5265D}.Release|Any CPU.ActiveCfg = Release|Any CPU
		{7482D03C-EE10-48B0-B958-6CA1F3E5265D}.Release|Any CPU.Build.0 = Release|Any CPU
		{F3BBB49B-B79E-44C4-966A-52AAE5CA5B91}.Debug|Any CPU.ActiveCfg = Debug|Any CPU
		{F3BBB49B-B79E-44C4-966A-52AAE5CA5B91}.Debug|Any CPU.Build.0 = Debug|Any CPU
		{F3BBB49B-B79E-44C4-966A-52AAE5CA5B91}.Release|Any CPU.ActiveCfg = Release|Any CPU
		{F3BBB49B-B79E-44C4-966A-52AAE5CA5B91}.Release|Any CPU.Build.0 = Release|Any CPU
		{EF49A33E-0D87-4FAB-A003-386BC2582C8F}.Debug|Any CPU.ActiveCfg = Debug|Any CPU
		{EF49A33E-0D87-4FAB-A003-386BC2582C8F}.Debug|Any CPU.Build.0 = Debug|Any CPU
		{EF49A33E-0D87-4FAB-A003-386BC2582C8F}.Release|Any CPU.ActiveCfg = Release|Any CPU
		{EF49A33E-0D87-4FAB-A003-386BC2582C8F}.Release|Any CPU.Build.0 = Release|Any CPU
		{3D513658-EF57-4650-93A0-AD59C235B58B}.Debug|Any CPU.ActiveCfg = Debug|Any CPU
		{3D513658-EF57-4650-93A0-AD59C235B58B}.Debug|Any CPU.Build.0 = Debug|Any CPU
		{3D513658-EF57-4650-93A0-AD59C235B58B}.Release|Any CPU.ActiveCfg = Release|Any CPU
		{3D513658-EF57-4650-93A0-AD59C235B58B}.Release|Any CPU.Build.0 = Release|Any CPU
		{2CB3CB24-CDE8-492F-ADC7-35CCC2187524}.Debug|Any CPU.ActiveCfg = Debug|Any CPU
		{2CB3CB24-CDE8-492F-ADC7-35CCC2187524}.Debug|Any CPU.Build.0 = Debug|Any CPU
		{2CB3CB24-CDE8-492F-ADC7-35CCC2187524}.Release|Any CPU.ActiveCfg = Release|Any CPU
		{2CB3CB24-CDE8-492F-ADC7-35CCC2187524}.Release|Any CPU.Build.0 = Release|Any CPU
		{3BDDFFDA-D38E-4C2A-AC15-1A011B89E3D4}.Debug|Any CPU.ActiveCfg = Debug|Any CPU
		{3BDDFFDA-D38E-4C2A-AC15-1A011B89E3D4}.Debug|Any CPU.Build.0 = Debug|Any CPU
		{3BDDFFDA-D38E-4C2A-AC15-1A011B89E3D4}.Release|Any CPU.ActiveCfg = Release|Any CPU
		{3BDDFFDA-D38E-4C2A-AC15-1A011B89E3D4}.Release|Any CPU.Build.0 = Release|Any CPU
		{7C8FDD1A-479E-4BE1-BAB2-31A4A443EA27}.Debug|Any CPU.ActiveCfg = Debug|Any CPU
		{7C8FDD1A-479E-4BE1-BAB2-31A4A443EA27}.Debug|Any CPU.Build.0 = Debug|Any CPU
		{7C8FDD1A-479E-4BE1-BAB2-31A4A443EA27}.Release|Any CPU.ActiveCfg = Release|Any CPU
		{7C8FDD1A-479E-4BE1-BAB2-31A4A443EA27}.Release|Any CPU.Build.0 = Release|Any CPU
		{261EEEC3-2652-4B8A-9414-0D07BA57AFE3}.Debug|Any CPU.ActiveCfg = Debug|Any CPU
		{261EEEC3-2652-4B8A-9414-0D07BA57AFE3}.Debug|Any CPU.Build.0 = Debug|Any CPU
		{261EEEC3-2652-4B8A-9414-0D07BA57AFE3}.Release|Any CPU.ActiveCfg = Release|Any CPU
		{261EEEC3-2652-4B8A-9414-0D07BA57AFE3}.Release|Any CPU.Build.0 = Release|Any CPU
		{2008FD15-4357-46D1-9C03-90F0424B1DE9}.Debug|Any CPU.ActiveCfg = Debug|Any CPU
		{2008FD15-4357-46D1-9C03-90F0424B1DE9}.Debug|Any CPU.Build.0 = Debug|Any CPU
		{2008FD15-4357-46D1-9C03-90F0424B1DE9}.Release|Any CPU.ActiveCfg = Release|Any CPU
		{2008FD15-4357-46D1-9C03-90F0424B1DE9}.Release|Any CPU.Build.0 = Release|Any CPU
		{065C4D5C-7A2F-4BCC-8F90-191241346B11}.Debug|Any CPU.ActiveCfg = Debug|Any CPU
		{065C4D5C-7A2F-4BCC-8F90-191241346B11}.Debug|Any CPU.Build.0 = Debug|Any CPU
		{065C4D5C-7A2F-4BCC-8F90-191241346B11}.Release|Any CPU.ActiveCfg = Release|Any CPU
		{065C4D5C-7A2F-4BCC-8F90-191241346B11}.Release|Any CPU.Build.0 = Release|Any CPU
		{60532EA0-6AA2-41CF-B6C7-C9F912ACC74B}.Debug|Any CPU.ActiveCfg = Debug|Any CPU
		{60532EA0-6AA2-41CF-B6C7-C9F912ACC74B}.Debug|Any CPU.Build.0 = Debug|Any CPU
		{60532EA0-6AA2-41CF-B6C7-C9F912ACC74B}.Release|Any CPU.ActiveCfg = Release|Any CPU
		{60532EA0-6AA2-41CF-B6C7-C9F912ACC74B}.Release|Any CPU.Build.0 = Release|Any CPU
		{FEFECABF-E2F1-414B-8E27-44129BADDA44}.Debug|Any CPU.ActiveCfg = Debug|Any CPU
		{FEFECABF-E2F1-414B-8E27-44129BADDA44}.Debug|Any CPU.Build.0 = Debug|Any CPU
		{FEFECABF-E2F1-414B-8E27-44129BADDA44}.Release|Any CPU.ActiveCfg = Release|Any CPU
		{FEFECABF-E2F1-414B-8E27-44129BADDA44}.Release|Any CPU.Build.0 = Release|Any CPU
		{A866CA67-C441-4475-8B5D-F5EA176E9547}.Debug|Any CPU.ActiveCfg = Debug|Any CPU
		{A866CA67-C441-4475-8B5D-F5EA176E9547}.Debug|Any CPU.Build.0 = Debug|Any CPU
		{A866CA67-C441-4475-8B5D-F5EA176E9547}.Release|Any CPU.ActiveCfg = Release|Any CPU
		{A866CA67-C441-4475-8B5D-F5EA176E9547}.Release|Any CPU.Build.0 = Release|Any CPU
		{6442429E-CD12-4C13-A551-CE8DBE819413}.Debug|Any CPU.ActiveCfg = Debug|Any CPU
		{6442429E-CD12-4C13-A551-CE8DBE819413}.Debug|Any CPU.Build.0 = Debug|Any CPU
		{6442429E-CD12-4C13-A551-CE8DBE819413}.Release|Any CPU.ActiveCfg = Release|Any CPU
		{6442429E-CD12-4C13-A551-CE8DBE819413}.Release|Any CPU.Build.0 = Release|Any CPU
		{3F785F84-4640-4363-AF4B-01DEBDAAEF7A}.Debug|Any CPU.ActiveCfg = Debug|Any CPU
		{3F785F84-4640-4363-AF4B-01DEBDAAEF7A}.Debug|Any CPU.Build.0 = Debug|Any CPU
		{3F785F84-4640-4363-AF4B-01DEBDAAEF7A}.Release|Any CPU.ActiveCfg = Release|Any CPU
		{3F785F84-4640-4363-AF4B-01DEBDAAEF7A}.Release|Any CPU.Build.0 = Release|Any CPU
		{ECBF38F5-3290-4BF8-918A-E796D29EDCD3}.Debug|Any CPU.ActiveCfg = Debug|Any CPU
		{ECBF38F5-3290-4BF8-918A-E796D29EDCD3}.Debug|Any CPU.Build.0 = Debug|Any CPU
		{ECBF38F5-3290-4BF8-918A-E796D29EDCD3}.Release|Any CPU.ActiveCfg = Release|Any CPU
		{ECBF38F5-3290-4BF8-918A-E796D29EDCD3}.Release|Any CPU.Build.0 = Release|Any CPU
		{0178F709-9B58-473B-8F71-2E961645168D}.Debug|Any CPU.ActiveCfg = Debug|Any CPU
		{0178F709-9B58-473B-8F71-2E961645168D}.Debug|Any CPU.Build.0 = Debug|Any CPU
		{0178F709-9B58-473B-8F71-2E961645168D}.Release|Any CPU.ActiveCfg = Release|Any CPU
		{0178F709-9B58-473B-8F71-2E961645168D}.Release|Any CPU.Build.0 = Release|Any CPU
		{DB0EFCF5-B0D0-441A-8AD5-C8D72C99CF35}.Debug|Any CPU.ActiveCfg = Debug|Any CPU
		{DB0EFCF5-B0D0-441A-8AD5-C8D72C99CF35}.Debug|Any CPU.Build.0 = Debug|Any CPU
		{DB0EFCF5-B0D0-441A-8AD5-C8D72C99CF35}.Release|Any CPU.ActiveCfg = Release|Any CPU
		{DB0EFCF5-B0D0-441A-8AD5-C8D72C99CF35}.Release|Any CPU.Build.0 = Release|Any CPU
		{D198B6BB-A605-4D6F-9648-526EF88DA318}.Debug|Any CPU.ActiveCfg = Debug|Any CPU
		{D198B6BB-A605-4D6F-9648-526EF88DA318}.Debug|Any CPU.Build.0 = Debug|Any CPU
		{D198B6BB-A605-4D6F-9648-526EF88DA318}.Release|Any CPU.ActiveCfg = Release|Any CPU
		{D198B6BB-A605-4D6F-9648-526EF88DA318}.Release|Any CPU.Build.0 = Release|Any CPU
		{0777D51B-9BD1-44B9-93EC-BE53B2A1AF44}.Debug|Any CPU.ActiveCfg = Debug|Any CPU
		{0777D51B-9BD1-44B9-93EC-BE53B2A1AF44}.Debug|Any CPU.Build.0 = Debug|Any CPU
		{0777D51B-9BD1-44B9-93EC-BE53B2A1AF44}.Release|Any CPU.ActiveCfg = Release|Any CPU
		{0777D51B-9BD1-44B9-93EC-BE53B2A1AF44}.Release|Any CPU.Build.0 = Release|Any CPU
	EndGlobalSection
	GlobalSection(SolutionProperties) = preSolution
		HideSolutionNode = FALSE
	EndGlobalSection
	GlobalSection(NestedProjects) = preSolution
		{66B7DB3B-E5C4-4741-B332-3D6C57D98C86} = {68B6F84D-56A0-4435-9F16-3F9E8DD492D0}
		{013A8F60-F915-4AA0-B66E-5E6FE274B8FE} = {68B6F84D-56A0-4435-9F16-3F9E8DD492D0}
		{7482D03C-EE10-48B0-B958-6CA1F3E5265D} = {A0E9E0F2-E53B-4FAF-A230-76256A0A064E}
		{F3BBB49B-B79E-44C4-966A-52AAE5CA5B91} = {50AB90F5-EF0C-41FA-A169-D7D545BD45D6}
		{EF49A33E-0D87-4FAB-A003-386BC2582C8F} = {50AB90F5-EF0C-41FA-A169-D7D545BD45D6}
		{3D513658-EF57-4650-93A0-AD59C235B58B} = {A0E9E0F2-E53B-4FAF-A230-76256A0A064E}
		{2CB3CB24-CDE8-492F-ADC7-35CCC2187524} = {79773D3D-ACE3-405A-8BCB-6444474DE6D6}
		{3BDDFFDA-D38E-4C2A-AC15-1A011B89E3D4} = {79773D3D-ACE3-405A-8BCB-6444474DE6D6}
		{7C8FDD1A-479E-4BE1-BAB2-31A4A443EA27} = {68B6F84D-56A0-4435-9F16-3F9E8DD492D0}
		{2008FD15-4357-46D1-9C03-90F0424B1DE9} = {A0E9E0F2-E53B-4FAF-A230-76256A0A064E}
		{065C4D5C-7A2F-4BCC-8F90-191241346B11} = {900D7EA7-8C57-4CF7-94B5-1D8625367EC9}
		{60532EA0-6AA2-41CF-B6C7-C9F912ACC74B} = {68B6F84D-56A0-4435-9F16-3F9E8DD492D0}
		{FEFECABF-E2F1-414B-8E27-44129BADDA44} = {50AB90F5-EF0C-41FA-A169-D7D545BD45D6}
		{A866CA67-C441-4475-8B5D-F5EA176E9547} = {79773D3D-ACE3-405A-8BCB-6444474DE6D6}
		{6442429E-CD12-4C13-A551-CE8DBE819413} = {8D9AA6AA-0348-41D0-9A3A-89C44DC50978}
		{3F785F84-4640-4363-AF4B-01DEBDAAEF7A} = {8D9AA6AA-0348-41D0-9A3A-89C44DC50978}
		{ECBF38F5-3290-4BF8-918A-E796D29EDCD3} = {8D9AA6AA-0348-41D0-9A3A-89C44DC50978}
		{0178F709-9B58-473B-8F71-2E961645168D} = {8D9AA6AA-0348-41D0-9A3A-89C44DC50978}
		{DB0EFCF5-B0D0-441A-8AD5-C8D72C99CF35} = {8D9AA6AA-0348-41D0-9A3A-89C44DC50978}
		{D198B6BB-A605-4D6F-9648-526EF88DA318} = {900D7EA7-8C57-4CF7-94B5-1D8625367EC9}
		{0777D51B-9BD1-44B9-93EC-BE53B2A1AF44} = {900D7EA7-8C57-4CF7-94B5-1D8625367EC9}
	EndGlobalSection
	GlobalSection(ExtensibilityGlobals) = postSolution
		SolutionGuid = {1D0078F3-1E11-49D2-AE2C-6EA7D61E1B06}
	EndGlobalSection
EndGlobal
